
Microsoft Visual Studio Solution File, Format Version 12.00
# Visual Studio 14
VisualStudioVersion = 14.0.25420.1
MinimumVisualStudioVersion = 10.0.40219.1
Project("{FAE04EC0-301F-11D3-BF4B-00C04F79EFBC}") = "XJDbQuery", "XJDbQuery\XJDbQuery.csproj", "{B9F6F9C2-CF2F-4DFD-A816-7D06A9A8D4C8}"
EndProject
Project("{FAE04EC0-301F-11D3-BF4B-00C04F79EFBC}") = "QueryTest", "QueryTest\QueryTest.csproj", "{A0F7F0FF-0642-4A15-BFCE-B74FF415DB67}"
EndProject
Global
	GlobalSection(SolutionConfigurationPlatforms) = preSolution
		Debug|Any CPU = Debug|Any CPU
		Release|Any CPU = Release|Any CPU
	EndGlobalSection
	GlobalSection(ProjectConfigurationPlatforms) = postSolution
		{B9F6F9C2-CF2F-4DFD-A816-7D06A9A8D4C8}.Debug|Any CPU.ActiveCfg = Debug|Any CPU
		{B9F6F9C2-CF2F-4DFD-A816-7D06A9A8D4C8}.Debug|Any CPU.Build.0 = Debug|Any CPU
		{B9F6F9C2-CF2F-4DFD-A816-7D06A9A8D4C8}.Release|Any CPU.ActiveCfg = Release|Any CPU
		{B9F6F9C2-CF2F-4DFD-A816-7D06A9A8D4C8}.Release|Any CPU.Build.0 = Release|Any CPU
		{A0F7F0FF-0642-4A15-BFCE-B74FF415DB67}.Debug|Any CPU.ActiveCfg = Debug|Any CPU
		{A0F7F0FF-0642-4A15-BFCE-B74FF415DB67}.Debug|Any CPU.Build.0 = Debug|Any CPU
		{A0F7F0FF-0642-4A15-BFCE-B74FF415DB67}.Release|Any CPU.ActiveCfg = Release|Any CPU
		{A0F7F0FF-0642-4A15-BFCE-B74FF415DB67}.Release|Any CPU.Build.0 = Release|Any CPU
	EndGlobalSection
	GlobalSection(SolutionProperties) = preSolution
		HideSolutionNode = FALSE
	EndGlobalSection
EndGlobal
